// !$*UTF8*$!
{
	archiveVersion = 1;
	classes = {
	};
	objectVersion = 48;
	objects = {

/* Begin PBXBuildFile section */
		EAF1F96920AA2222003D60E6 /* AppDelegate.swift in Sources */ = {isa = PBXBuildFile; fileRef = EAF1F96820AA2222003D60E6 /* AppDelegate.swift */; };
		EAF1F96B20AA2222003D60E6 /* ViewController.swift in Sources */ = {isa = PBXBuildFile; fileRef = EAF1F96A20AA2222003D60E6 /* ViewController.swift */; };
		EAF1F96E20AA2222003D60E6 /* Main.storyboard in Resources */ = {isa = PBXBuildFile; fileRef = EAF1F96C20AA2222003D60E6 /* Main.storyboard */; };
		EAF1F97020AA2222003D60E6 /* Assets.xcassets in Resources */ = {isa = PBXBuildFile; fileRef = EAF1F96F20AA2222003D60E6 /* Assets.xcassets */; };
		EAF1F97320AA2222003D60E6 /* LaunchScreen.storyboard in Resources */ = {isa = PBXBuildFile; fileRef = EAF1F97120AA2222003D60E6 /* LaunchScreen.storyboard */; };
		EAF1F97B20AA22A3003D60E6 /* SecondViewController.swift in Sources */ = {isa = PBXBuildFile; fileRef = EAF1F97A20AA22A3003D60E6 /* SecondViewController.swift */; };
/* End PBXBuildFile section */

/* Begin PBXFileReference section */
		EAF1F96520AA2222003D60E6 /* segue.app */ = {isa = PBXFileReference; explicitFileType = wrapper.application; includeInIndex = 0; path = segue.app; sourceTree = BUILT_PRODUCTS_DIR; };
		EAF1F96820AA2222003D60E6 /* AppDelegate.swift */ = {isa = PBXFileReference; lastKnownFileType = sourcecode.swift; path = AppDelegate.swift; sourceTree = "<group>"; };
		EAF1F96A20AA2222003D60E6 /* ViewController.swift */ = {isa = PBXFileReference; lastKnownFileType = sourcecode.swift; path = ViewController.swift; sourceTree = "<group>"; };
		EAF1F96D20AA2222003D60E6 /* Base */ = {isa = PBXFileReference; lastKnownFileType = file.storyboard; name = Base; path = Base.lproj/Main.storyboard; sourceTree = "<group>"; };
		EAF1F96F20AA2222003D60E6 /* Assets.xcassets */ = {isa = PBXFileReference; lastKnownFileType = folder.assetcatalog; path = Assets.xcassets; sourceTree = "<group>"; };
		EAF1F97220AA2222003D60E6 /* Base */ = {isa = PBXFileReference; lastKnownFileType = file.storyboard; name = Base; path = Base.lproj/LaunchScreen.storyboard; sourceTree = "<group>"; };
		EAF1F97420AA2222003D60E6 /* Info.plist */ = {isa = PBXFileReference; lastKnownFileType = text.plist.xml; path = Info.plist; sourceTree = "<group>"; };
		EAF1F97A20AA22A3003D60E6 /* SecondViewController.swift */ = {isa = PBXFileReference; lastKnownFileType = sourcecode.swift; path = SecondViewController.swift; sourceTree = "<group>"; };
/* End PBXFileReference section */

/* Begin PBXFrameworksBuildPhase section */
		EAF1F96220AA2222003D60E6 /* Frameworks */ = {
			isa = PBXFrameworksBuildPhase;
			buildActionMask = 2147483647;
			files = (
			);
			runOnlyForDeploymentPostprocessing = 0;
		};
/* End PBXFrameworksBuildPhase section */

/* Begin PBXGroup section */
		EAF1F95C20AA2222003D60E6 = {
			isa = PBXGroup;
			children = (
				EAF1F96720AA2222003D60E6 /* segue */,
				EAF1F96620AA2222003D60E6 /* Products */,
			);
			sourceTree = "<group>";
		};
		EAF1F96620AA2222003D60E6 /* Products */ = {
			isa = PBXGroup;
			children = (
				EAF1F96520AA2222003D60E6 /* segue.app */,
			);
			name = Products;
			sourceTree = "<group>";
		};
		EAF1F96720AA2222003D60E6 /* segue */ = {
			isa = PBXGroup;
			children = (
				EAF1F96820AA2222003D60E6 /* AppDelegate.swift */,
				EAF1F96A20AA2222003D60E6 /* ViewController.swift */,
				EAF1F96C20AA2222003D60E6 /* Main.storyboard */,
				EAF1F96F20AA2222003D60E6 /* Assets.xcassets */,
				EAF1F97120AA2222003D60E6 /* LaunchScreen.storyboard */,
				EAF1F97420AA2222003D60E6 /* Info.plist */,
				EAF1F97A20AA22A3003D60E6 /* SecondViewController.swift */,
			);
			path = segue;
			sourceTree = "<group>";
		};
/* End PBXGroup section */

/* Begin PBXNativeTarget section */
		EAF1F96420AA2222003D60E6 /* segue */ = {
			isa = PBXNativeTarget;
			buildConfigurationList = EAF1F97720AA2222003D60E6 /* Build configuration list for PBXNativeTarget "segue" */;
			buildPhases = (
				EAF1F96120AA2222003D60E6 /* Sources */,
				EAF1F96220AA2222003D60E6 /* Frameworks */,
				EAF1F96320AA2222003D60E6 /* Resources */,
			);
			buildRules = (
			);
			dependencies = (
			);
			name = segue;
			productName = segue;
			productReference = EAF1F96520AA2222003D60E6 /* segue.app */;
			productType = "com.apple.product-type.application";
		};
/* End PBXNativeTarget section */

/* Begin PBXProject section */
		EAF1F95D20AA2222003D60E6 /* Project object */ = {
			isa = PBXProject;
			attributes = {
				LastSwiftUpdateCheck = 0910;
				LastUpgradeCheck = 0910;
				ORGANIZATIONNAME = "Hongbo Niu";
				TargetAttributes = {
					EAF1F96420AA2222003D60E6 = {
						CreatedOnToolsVersion = 9.1;
						ProvisioningStyle = Automatic;
					};
				};
			};
			buildConfigurationList = EAF1F96020AA2222003D60E6 /* Build configuration list for PBXProject "segue" */;
			compatibilityVersion = "Xcode 8.0";
			developmentRegion = en;
			hasScannedForEncodings = 0;
			knownRegions = (
				en,
				Base,
			);
			mainGroup = EAF1F95C20AA2222003D60E6;
			productRefGroup = EAF1F96620AA2222003D60E6 /* Products */;
			projectDirPath = "";
			projectRoot = "";
			targets = (
				EAF1F96420AA2222003D60E6 /* segue */,
			);
		};
/* End PBXProject section */

/* Begin PBXResourcesBuildPhase section */
		EAF1F96320AA2222003D60E6 /* Resources */ = {
			isa = PBXResourcesBuildPhase;
			buildActionMask = 2147483647;
			files = (
				EAF1F97320AA2222003D60E6 /* LaunchScreen.storyboard in Resources */,
				EAF1F97020AA2222003D60E6 /* Assets.xcassets in Resources */,
				EAF1F96E20AA2222003D60E6 /* Main.storyboard in Resources */,
			);
			runOnlyForDeploymentPostprocessing = 0;
		};
/* End PBXResourcesBuildPhase section */

/* Begin PBXSourcesBuildPhase section */
		EAF1F96120AA2222003D60E6 /* Sources */ = {
			isa = PBXSourcesBuildPhase;
			buildActionMask = 2147483647;
			files = (
				EAF1F97B20AA22A3003D60E6 /* SecondViewController.swift in Sources */,
				EAF1F96B20AA2222003D60E6 /* ViewController.swift in Sources */,
				EAF1F96920AA2222003D60E6 /* AppDelegate.swift in Sources */,
			);
			runOnlyForDeploymentPostprocessing = 0;
		};
/* End PBXSourcesBuildPhase section */

/* Begin PBXVariantGroup section */
		EAF1F96C20AA2222003D60E6 /* Main.storyboard */ = {
			isa = PBXVariantGroup;
			children = (
				EAF1F96D20AA2222003D60E6 /* Base */,
			);
			name = Main.storyboard;
			sourceTree = "<group>";
		};
		EAF1F97120AA2222003D60E6 /* LaunchScreen.storyboard */ = {
			isa = PBXVariantGroup;
			children = (
				EAF1F97220AA2222003D60E6 /* Base */,
			);
			name = LaunchScreen.storyboard;
			sourceTree = "<group>";
		};
/* End PBXVariantGroup section */

/* Begin XCBuildConfiguration section */
		EAF1F97520AA2222003D60E6 /* Debug */ = {
			isa = XCBuildConfiguration;
			buildSettings = {
				ALWAYS_SEARCH_USER_PATHS = NO;
				CLANG_ANALYZER_NONNULL = YES;
				CLANG_ANALYZER_NUMBER_OBJECT_CONVERSION = YES_AGGRESSIVE;
				CLANG_CXX_LANGUAGE_STANDARD = "gnu++14";
				CLANG_CXX_LIBRARY = "libc++";
				CLANG_ENABLE_MODULES = YES;
				CLANG_ENABLE_OBJC_ARC = YES;
				CLANG_WARN_BLOCK_CAPTURE_AUTORELEASING = YES;
				CLANG_WARN_BOOL_CONVERSION = YES;
				CLANG_WARN_COMMA = YES;
				CLANG_WARN_CONSTANT_CONVERSION = YES;
				CLANG_WARN_DIRECT_OBJC_ISA_USAGE = YES_ERROR;
				CLANG_WARN_DOCUMENTATION_COMMENTS = YES;
				CLANG_WARN_EMPTY_BODY = YES;
				CLANG_WARN_ENUM_CONVERSION = YES;
				CLANG_WARN_INFINITE_RECURSION = YES;
				CLANG_WARN_INT_CONVERSION = YES;
				CLANG_WARN_NON_LITERAL_NULL_CONVERSION = YES;
				CLANG_WARN_OBJC_LITERAL_CONVERSION = YES;
				CLANG_WARN_OBJC_ROOT_CLASS = YES_ERROR;
				CLANG_WARN_RANGE_LOOP_ANALYSIS = YES;
				CLANG_WARN_STRICT_PROTOTYPES = YES;
				CLANG_WARN_SUSPICIOUS_MOVE = YES;
				CLANG_WARN_UNGUARDED_AVAILABILITY = YES_AGGRESSIVE;
				CLANG_WARN_UNREACHABLE_CODE = YES;
				CLANG_WARN__DUPLICATE_METHOD_MATCH = YES;
				CODE_SIGN_IDENTITY = "iPhone Developer";
				COPY_PHASE_STRIP = NO;
				DEBUG_INFORMATION_FORMAT = dwarf;
				ENABLE_STRICT_OBJC_MSGSEND = YES;
				ENABLE_TESTABILITY = YES;
				GCC_C_LANGUAGE_STANDARD = gnu11;
				GCC_DYNAMIC_NO_PIC = NO;
				GCC_NO_COMMON_BLOCKS = YES;
				GCC_OPTIMIZATION_LEVEL = 0;
				GCC_PREPROCESSOR_DEFINITIONS = (
					"DEBUG=1",
					"$(inherited)",
				);
				GCC_WARN_64_TO_32_BIT_CONVERSION = YES;
				GCC_WARN_ABOUT_RETURN_TYPE = YES_ERROR;
				GCC_WARN_UNDECLARED_SELECTOR = YES;
				GCC_WARN_UNINITIALIZED_AUTOS = YES_AGGRESSIVE;
				GCC_WARN_UNUSED_FUNCTION = YES;
				GCC_WARN_UNUSED_VARIABLE = YES;
				IPHONEOS_DEPLOYMENT_TARGET = 11.1;
				MTL_ENABLE_DEBUG_INFO = YES;
				ONLY_ACTIVE_ARCH = YES;
				SDKROOT = iphoneos;
				SWIFT_ACTIVE_COMPILATION_CONDITIONS = DEBUG;
				SWIFT_OPTIMIZATION_LEVEL = "-Onone";
			};
			name = Debug;
		};
		EAF1F97620AA2222003D60E6 /* Release */ = {
			isa = XCBuildConfiguration;
			buildSettings = {
				ALWAYS_SEARCH_USER_PATHS = NO;
				CLANG_ANALYZER_NONNULL = YES;
				CLANG_ANALYZER_NUMBER_OBJECT_CONVERSION = YES_AGGRESSIVE;
				CLANG_CXX_LANGUAGE_STANDARD = "gnu++14";
				CLANG_CXX_LIBRARY = "libc++";
				CLANG_ENABLE_MODULES = YES;
				CLANG_ENABLE_OBJC_ARC = YES;
				CLANG_WARN_BLOCK_CAPTURE_AUTORELEASING = YES;
				CLANG_WARN_BOOL_CONVERSION = YES;
				CLANG_WARN_COMMA = YES;
				CLANG_WARN_CONSTANT_CONVERSION = YES;
				CLANG_WARN_DIRECT_OBJC_ISA_USAGE = YES_ERROR;
				CLANG_WARN_DOCUMENTATION_COMMENTS = YES;
				CLANG_WARN_EMPTY_BODY = YES;
				CLANG_WARN_ENUM_CONVERSION = YES;
				CLANG_WARN_INFINITE_RECURSION = YES;
				CLANG_WARN_INT_CONVERSION = YES;
				CLANG_WARN_NON_LITERAL_NULL_CONVERSION = YES;
				CLANG_WARN_OBJC_LITERAL_CONVERSION = YES;
				CLANG_WARN_OBJC_ROOT_CLASS = YES_ERROR;
				CLANG_WARN_RANGE_LOOP_ANALYSIS = YES;
				CLANG_WARN_STRICT_PROTOTYPES = YES;
				CLANG_WARN_SUSPICIOUS_MOVE = YES;
				CLANG_WARN_UNGUARDED_AVAILABILITY = YES_AGGRESSIVE;
				CLANG_WARN_UNREACHABLE_CODE = YES;
				CLANG_WARN__DUPLICATE_METHOD_MATCH = YES;
				CODE_SIGN_IDENTITY = "iPhone Developer";
				COPY_PHASE_STRIP = NO;
				DEBUG_INFORMATION_FORMAT = "dwarf-with-dsym";
				ENABLE_NS_ASSERTIONS = NO;
				ENABLE_STRICT_OBJC_MSGSEND = YES;
				GCC_C_LANGUAGE_STANDARD = gnu11;
				GCC_NO_COMMON_BLOCKS = YES;
				GCC_WARN_64_TO_32_BIT_CONVERSION = YES;
				GCC_WARN_ABOUT_RETURN_TYPE = YES_ERROR;
				GCC_WARN_UNDECLARED_SELECTOR = YES;
				GCC_WARN_UNINITIALIZED_AUTOS = YES_AGGRESSIVE;
				GCC_WARN_UNUSED_FUNCTION = YES;
				GCC_WARN_UNUSED_VARIABLE = YES;
				IPHONEOS_DEPLOYMENT_TARGET = 11.1;
				MTL_ENABLE_DEBUG_INFO = NO;
				SDKROOT = iphoneos;
				SWIFT_OPTIMIZATION_LEVEL = "-Owholemodule";
				VALIDATE_PRODUCT = YES;
			};
			name = Release;
		};
		EAF1F97820AA2222003D60E6 /* Debug */ = {
			isa = XCBuildConfiguration;
			buildSettings = {
				ASSETCATALOG_COMPILER_APPICON_NAME = AppIcon;
				CODE_SIGN_STYLE = Automatic;
				DEVELOPMENT_TEAM = 6WESCS98BF;
				INFOPLIST_FILE = segue/Info.plist;
				LD_RUNPATH_SEARCH_PATHS = "$(inherited) @executable_path/Frameworks";
				PRODUCT_BUNDLE_IDENTIFIER = com.xiaoweichen.segue;
				PRODUCT_NAME = "$(TARGET_NAME)";
				SWIFT_VERSION = 4.0;
				TARGETED_DEVICE_FAMILY = "1,2";
			};
			name = Debug;
		};
		EAF1F97920AA2222003D60E6 /* Release */ = {
			isa = XCBuildConfiguration;
			buildSettings = {
				ASSETCATALOG_COMPILER_APPICON_NAME = AppIcon;
				CODE_SIGN_STYLE = Automatic;
				DEVELOPMENT_TEAM = 6WESCS98BF;
				INFOPLIST_FILE = segue/Info.plist;
				LD_RUNPATH_SEARCH_PATHS = "$(inherited) @executable_path/Frameworks";
				PRODUCT_BUNDLE_IDENTIFIER = com.xiaoweichen.segue;
				PRODUCT_NAME = "$(TARGET_NAME)";
				SWIFT_VERSION = 4.0;
				TARGETED_DEVICE_FAMILY = "1,2";
			};
			name = Release;
		};
/* End XCBuildConfiguration section */

/* Begin XCConfigurationList section */
		EAF1F96020AA2222003D60E6 /* Build configuration list for PBXProject "segue" */ = {
			isa = XCConfigurationList;
			buildConfigurations = (
				EAF1F97520AA2222003D60E6 /* Debug */,
				EAF1F97620AA2222003D60E6 /* Release */,
			);
			defaultConfigurationIsVisible = 0;
			defaultConfigurationName = Release;
		};
		EAF1F97720AA2222003D60E6 /* Build configuration list for PBXNativeTarget "segue" */ = {
			isa = XCConfigurationList;
			buildConfigurations = (
				EAF1F97820AA2222003D60E6 /* Debug */,
				EAF1F97920AA2222003D60E6 /* Release */,
			);
			defaultConfigurationIsVisible = 0;
			defaultConfigurationName = Release;
		};
/* End XCConfigurationList section */
	};
	rootObject = EAF1F95D20AA2222003D60E6 /* Project object */;
}
